
Microsoft Visual Studio Solution File, Format Version 12.00
# Visual Studio Version 17
VisualStudioVersion = 17.13.35825.156 d17.13
MinimumVisualStudioVersion = 10.0.40219.1
Project("{FAE04EC0-301F-11D3-BF4B-00C04F79EFBC}") = "api", "api.csproj", "{9ED112D0-70AF-4E38-B3B0-40E020C86A61}"
EndProject
Global
	GlobalSection(SolutionConfigurationPlatforms) = preSolution
		Debug|Any CPU = Debug|Any CPU
		Release|Any CPU = Release|Any CPU
	EndGlobalSection
	GlobalSection(ProjectConfigurationPlatforms) = postSolution
		{9ED112D0-70AF-4E38-B3B0-40E020C86A61}.Debug|Any CPU.ActiveCfg = Debug|Any CPU
		{9ED112D0-70AF-4E38-B3B0-40E020C86A61}.Debug|Any CPU.Build.0 = Debug|Any CPU
		{9ED112D0-70AF-4E38-B3B0-40E020C86A61}.Release|Any CPU.ActiveCfg = Release|Any CPU
		{9ED112D0-70AF-4E38-B3B0-40E020C86A61}.Release|Any CPU.Build.0 = Release|Any CPU
	EndGlobalSection
	GlobalSection(SolutionProperties) = preSolution
		HideSolutionNode = FALSE
	EndGlobalSection
	GlobalSection(ExtensibilityGlobals) = postSolution
		SolutionGuid = {56BC9089-764B-46D3-B49C-3690FDD900AD}
	EndGlobalSection
EndGlobal
